{
  "version": 4,
  "terraform_version": "1.14.4",
  "serial": 184,
  "lineage": "0921a92a-b632-3f2f-0d60-4f4c8c27912b",
  "outputs": {
    "private_instance_floating_ip": {
      "value": "87.228.9.66",
      "type": "string"
    },
    "public_instance_floating_ip": {
      "value": "87.228.9.65",
      "type": "string"
    }
  },
  "resources": [
    {
      "mode": "data",
      "type": "openstack_images_image_v2",
      "name": "ubuntu",
      "provider": "provider[\"registry.terraform.io/terraform-provider-openstack/openstack\"]",
      "instances": [
        {
          "schema_version": 0,
          "attributes": {
            "checksum": "bc3ab34b8f57f1f77f5ba86b5b5453ca",
            "container_format": "bare",
            "created_at": "2026-02-03T06:24:21Z",
            "disk_format": "raw",
            "file": "/v2/images/e8199163-0dd3-4b30-87c9-ab0a139673c7/file",
            "hidden": false,
            "id": "e8199163-0dd3-4b30-87c9-ab0a139673c7",
            "member_status": null,
            "metadata": {},
            "min_disk_gb": 5,
            "min_ram_mb": 512,
            "most_recent": true,
            "name": "Ubuntu 22.04 LTS 64-bit",
            "name_regex": null,
            "owner": "3acf7ceddc024b86b86ef151e4972805",
            "properties": {
              "direct_url": "rbd://49f37ff2-48ad-4eb7-962e-4e6365bc9c03/images/e8199163-0dd3-4b30-87c9-ab0a139673c7/snap",
              "hw_disk_bus": "scsi",
              "hw_qemu_guest_agent": "yes",
              "hw_scsi_model": "virtio-scsi",
              "os_distro": "ubuntu",
              "os_hash_algo": "sha512",
              "os_hash_value": "3201c2a55ca7652122c3e1dfdc4617f2821cd209825969174b282b7bdbd808b8a640826d86bef31ac75f82abb3036f69e14b9e2aae011b52b6d162fbfaa29c5b",
              "os_type": "linux",
              "stores": "ru-9a",
              "watchdog": "pause",
              "x_sel_image_agent_type": "cloud-init",
              "x_sel_image_os_arch": "amd64",
              "x_sel_image_os_dist": "ubuntu",
              "x_sel_image_owner": "Selectel",
              "x_sel_image_source_file": "ubuntu-jammy-amd64-selectel-master-product-0.1.img",
              "x_sel_image_type": "master",
              "x_sel_os_type": "linux"
            },
            "protected": false,
            "region": "ru-9",
            "schema": "/v2/schemas/image",
            "size_bytes": 5359075328,
            "size_max": null,
            "size_min": null,
            "sort": "name:asc",
            "tag": null,
            "tags": [],
            "updated_at": "2026-02-03T06:30:23Z",
            "visibility": "public"
          },
          "sensitive_attributes": [],
          "identity_schema_version": 0
        }
      ]
    },
    {
      "mode": "data",
      "type": "openstack_networking_network_v2",
      "name": "external",
      "provider": "provider[\"registry.terraform.io/terraform-provider-openstack/openstack\"]",
      "instances": [
        {
          "schema_version": 0,
          "attributes": {
            "admin_state_up": "true",
            "all_tags": [],
            "availability_zone_hints": [],
            "description": "",
            "dns_domain": "",
            "external": true,
            "id": "f16140a4-e736-4655-9a1b-d7d2df6f969e",
            "matching_subnet_cidr": null,
            "mtu": 1500,
            "name": "external-network",
            "network_id": null,
            "region": "ru-9",
            "segments": [],
            "shared": "false",
            "status": null,
            "subnets": [
              "0a70ca1b-6613-49a3-9e65-a89d484330f7",
              "0fe7a122-c205-4ece-ba0f-94e4497d955f",
              "1751014e-9207-40a3-ac7a-7763dd0029a4",
              "23a85638-428b-44f0-a4e0-d2fbb48f0093",
              "2afae582-6c48-4d59-981e-f499fb61b1ea",
              "2b6e3274-08cc-46ea-89ad-672fee9122ae",
              "30ab21be-e7fe-4ae1-a381-0426e4a6e0b0",
              "387a0d74-613f-4846-8c4f-37914a4f3dfe",
              "3967beb5-77b8-4ac2-8bff-b7caa617b3d7",
              "415c90de-b990-4bdd-9341-5595ac817c78",
              "43465827-19af-42fa-b643-f91e79ec17f1",
              "617064ea-7059-4260-b485-76a2bc08f923",
              "6baf3c4c-21d4-4bad-b97a-15b68d0240be",
              "755b8f69-b4f7-4f03-9f1c-273673abf9ff",
              "764c6bcd-afd6-4421-b2b0-7cf7274e50f3",
              "78a92c39-c865-4408-a3f3-d350bd305583",
              "83428413-8cc6-4010-af0a-2c128707938a",
              "87c8f65b-3a88-4d6c-81c8-e5f9bf539a9a",
              "8eb2fa30-6f97-4d19-aee3-4b8cec9f0b3b",
              "8f70ba0e-1734-44b7-ba83-12fdf43c2ed1",
              "a59eb991-7dc8-4c24-8898-cf8a731f189d",
              "a66ac5f3-5e6f-4e16-9b37-5c2e6d8a67be",
              "b16b39ae-f39a-47ef-b011-f29d82b842a0",
              "b1e89432-9ec8-4929-b5cf-e2256bc9cc6e",
              "b583a212-63ef-4a3f-8c64-bd02bdca8884",
              "b66c6daa-8666-42a2-afec-3408de4f2ce9",
              "bce83190-c8d0-4d83-897d-7664ee3e9aeb",
              "bec2686a-1375-4ca0-bd8d-61acac031358",
              "c04ed2d4-139d-4c0f-8afa-912ab25154b4",
              "cde4a091-4395-4be2-abdf-920a130bd380",
              "d1832f84-243a-4abe-bc7a-02b4d3cf8638",
              "d531e21f-963a-46df-a2fc-4966ab21912e",
              "d67d6ce9-8cfc-4f37-8e0b-21c750ad1ee5",
              "dfa1458f-178e-4509-b975-40369a03a828",
              "e945f98d-99bf-41b6-9bc2-c9e82ee3789b",
              "ebece733-c29f-463c-ae07-711e548edf62"
            ],
            "tags": null,
            "tenant_id": "5e204c6ffe184b9f8b69344d36178244",
            "transparent_vlan": false
          },
          "sensitive_attributes": [],
          "identity_schema_version": 0
        }
      ]
    },
    {
      "mode": "managed",
      "type": "null_resource",
      "name": "private_provisioner",
      "provider": "provider[\"registry.terraform.io/hashicorp/null\"]",
      "instances": [
        {
          "schema_version": 0,
          "attributes": {
            "id": "180882726695473669",
            "triggers": null
          },
          "sensitive_attributes": [],
          "identity_schema_version": 0,
          "dependencies": [
            "data.openstack_images_image_v2.ubuntu",
            "openstack_blockstorage_volume_v3.private_boot",
            "openstack_compute_instance_v2.private",
            "openstack_compute_keypair_v2.keypair",
            "openstack_networking_floatingip_associate_v2.private",
            "openstack_networking_floatingip_v2.private",
            "openstack_networking_network_v2.vpc",
            "openstack_networking_port_v2.private",
            "openstack_networking_secgroup_v2.private",
            "openstack_networking_subnet_v2.private"
          ]
        }
      ]
    },
    {
      "mode": "managed",
      "type": "null_resource",
      "name": "public_provisioner",
      "provider": "provider[\"registry.terraform.io/hashicorp/null\"]",
      "instances": [
        {
          "schema_version": 0,
          "attributes": {
            "id": "6668466499033824810",
            "triggers": null
          },
          "sensitive_attributes": [],
          "identity_schema_version": 0,
          "dependencies": [
            "data.openstack_images_image_v2.ubuntu",
            "openstack_blockstorage_volume_v3.public_boot",
            "openstack_compute_instance_v2.public",
            "openstack_compute_keypair_v2.keypair",
            "openstack_networking_floatingip_associate_v2.public",
            "openstack_networking_floatingip_v2.public",
            "openstack_networking_network_v2.vpc",
            "openstack_networking_port_v2.public",
            "openstack_networking_secgroup_v2.public",
            "openstack_networking_subnet_v2.public"
          ]
        }
      ]
    },
    {
      "mode": "managed",
      "type": "openstack_blockstorage_volume_v3",
      "name": "private_boot",
      "provider": "provider[\"registry.terraform.io/terraform-provider-openstack/openstack\"]",
      "instances": [
        {
          "schema_version": 0,
          "attributes": {
            "attachment": [],
            "availability_zone": "ru-9a",
            "backup_id": "",
            "consistency_group_id": null,
            "description": "",
            "enable_online_resize": true,
            "id": "35ad1be1-4d88-4de9-bf19-6f64d9702a7e",
            "image_id": "e8199163-0dd3-4b30-87c9-ab0a139673c7",
            "metadata": {},
            "name": "private-boot-volume",
            "region": "ru-9",
            "scheduler_hints": [],
            "size": 10,
            "snapshot_id": "",
            "source_replica": null,
            "source_vol_id": "",
            "timeouts": null,
            "volume_type": "fast.ru-9a"
          },
          "sensitive_attributes": [],
          "identity_schema_version": 0,
          "private": "eyJlMmJmYjczMC1lY2FhLTExZTYtOGY4OC0zNDM2M2JjN2M0YzAiOnsiY3JlYXRlIjo2MDAwMDAwMDAwMDAsImRlbGV0ZSI6NjAwMDAwMDAwMDAwfX0=",
          "dependencies": [
            "data.openstack_images_image_v2.ubuntu"
          ]
        }
      ]
    },
    {
      "mode": "managed",
      "type": "openstack_blockstorage_volume_v3",
      "name": "public_boot",
      "provider": "provider[\"registry.terraform.io/terraform-provider-openstack/openstack\"]",
      "instances": [
        {
          "schema_version": 0,
          "attributes": {
            "attachment": [],
            "availability_zone": "ru-9a",
            "backup_id": "",
            "consistency_group_id": null,
            "description": "",
            "enable_online_resize": true,
            "id": "9f98752b-611c-4074-866c-ebb085e6c675",
            "image_id": "e8199163-0dd3-4b30-87c9-ab0a139673c7",
            "metadata": {},
            "name": "public-boot-volume",
            "region": "ru-9",
            "scheduler_hints": [],
            "size": 10,
            "snapshot_id": "",
            "source_replica": null,
            "source_vol_id": "",
            "timeouts": null,
            "volume_type": "fast.ru-9a"
          },
          "sensitive_attributes": [],
          "identity_schema_version": 0,
          "private": "eyJlMmJmYjczMC1lY2FhLTExZTYtOGY4OC0zNDM2M2JjN2M0YzAiOnsiY3JlYXRlIjo2MDAwMDAwMDAwMDAsImRlbGV0ZSI6NjAwMDAwMDAwMDAwfX0=",
          "dependencies": [
            "data.openstack_images_image_v2.ubuntu"
          ]
        }
      ]
    },
    {
      "mode": "managed",
      "type": "openstack_compute_instance_v2",
      "name": "private",
      "provider": "provider[\"registry.terraform.io/terraform-provider-openstack/openstack\"]",
      "instances": [
        {
          "schema_version": 0,
          "attributes": {
            "access_ip_v4": "192.168.20.223",
            "access_ip_v6": "",
            "admin_pass": null,
            "all_metadata": {},
            "all_tags": [],
            "availability_zone": "ru-9a",
            "availability_zone_hints": null,
            "block_device": [
              {
                "boot_index": 0,
                "delete_on_termination": false,
                "destination_type": "volume",
                "device_type": "",
                "disk_bus": "",
                "guest_format": "",
                "multiattach": false,
                "source_type": "volume",
                "uuid": "35ad1be1-4d88-4de9-bf19-6f64d9702a7e",
                "volume_size": 0,
                "volume_type": ""
              }
            ],
            "config_drive": null,
            "created": "2026-02-15 06:21:19 +0000 UTC",
            "flavor_id": "1011",
            "flavor_name": "SL1.1-1024",
            "force_delete": false,
            "id": "8a933c08-ce24-4acc-a2db-d431b4344ea4",
            "image_id": "Attempt to boot from volume - no image supplied",
            "image_name": null,
            "key_pair": "lesson14-key",
            "metadata": null,
            "name": "private-instance",
            "network": [
              {
                "access_network": false,
                "fixed_ip_v4": "192.168.20.223",
                "fixed_ip_v6": "",
                "mac": "fa:16:3e:34:f5:55",
                "name": "lesson14-network",
                "port": "2249d91a-e87e-4df2-b1eb-c2f42ac15293",
                "uuid": "71daccd3-1bee-4afd-b681-a77b7ab23113"
              }
            ],
            "network_mode": null,
            "personality": [],
            "power_state": "active",
            "region": "ru-9",
            "scheduler_hints": [],
            "security_groups": [],
            "stop_before_destroy": false,
            "tags": null,
            "timeouts": null,
            "updated": "2026-02-15 06:21:34 +0000 UTC",
            "user_data": null,
            "vendor_options": []
          },
          "sensitive_attributes": [
            [
              {
                "type": "get_attr",
                "value": "admin_pass"
              }
            ]
          ],
          "identity_schema_version": 0,
          "private": "eyJlMmJmYjczMC1lY2FhLTExZTYtOGY4OC0zNDM2M2JjN2M0YzAiOnsiY3JlYXRlIjoxODAwMDAwMDAwMDAwLCJkZWxldGUiOjE4MDAwMDAwMDAwMDAsInVwZGF0ZSI6MTgwMDAwMDAwMDAwMH19",
          "dependencies": [
            "data.openstack_images_image_v2.ubuntu",
            "openstack_blockstorage_volume_v3.private_boot",
            "openstack_compute_keypair_v2.keypair",
            "openstack_networking_network_v2.vpc",
            "openstack_networking_port_v2.private",
            "openstack_networking_secgroup_v2.private",
            "openstack_networking_subnet_v2.private"
          ]
        }
      ]
    },
    {
      "mode": "managed",
      "type": "openstack_compute_instance_v2",
      "name": "public",
      "provider": "provider[\"registry.terraform.io/terraform-provider-openstack/openstack\"]",
      "instances": [
        {
          "schema_version": 0,
          "attributes": {
            "access_ip_v4": "192.168.10.121",
            "access_ip_v6": "",
            "admin_pass": null,
            "all_metadata": {},
            "all_tags": [],
            "availability_zone": "ru-9a",
            "availability_zone_hints": null,
            "block_device": [
              {
                "boot_index": 0,
                "delete_on_termination": false,
                "destination_type": "volume",
                "device_type": "",
                "disk_bus": "",
                "guest_format": "",
                "multiattach": false,
                "source_type": "volume",
                "uuid": "9f98752b-611c-4074-866c-ebb085e6c675",
                "volume_size": 0,
                "volume_type": ""
              }
            ],
            "config_drive": null,
            "created": "2026-02-15 06:21:18 +0000 UTC",
            "flavor_id": "1011",
            "flavor_name": "SL1.1-1024",
            "force_delete": false,
            "id": "1459f364-c7e1-4315-821e-60fd3181e1ce",
            "image_id": "Attempt to boot from volume - no image supplied",
            "image_name": null,
            "key_pair": "lesson14-key",
            "metadata": null,
            "name": "public-instance",
            "network": [
              {
                "access_network": false,
                "fixed_ip_v4": "192.168.10.121",
                "fixed_ip_v6": "",
                "mac": "fa:16:3e:7a:8f:37",
                "name": "lesson14-network",
                "port": "f36ce79d-c212-4ba1-972c-a12200cd964f",
                "uuid": "71daccd3-1bee-4afd-b681-a77b7ab23113"
              }
            ],
            "network_mode": null,
            "personality": [],
            "power_state": "active",
            "region": "ru-9",
            "scheduler_hints": [],
            "security_groups": [],
            "stop_before_destroy": false,
            "tags": null,
            "timeouts": null,
            "updated": "2026-02-15 06:21:32 +0000 UTC",
            "user_data": null,
            "vendor_options": []
          },
          "sensitive_attributes": [
            [
              {
                "type": "get_attr",
                "value": "admin_pass"
              }
            ]
          ],
          "identity_schema_version": 0,
          "private": "eyJlMmJmYjczMC1lY2FhLTExZTYtOGY4OC0zNDM2M2JjN2M0YzAiOnsiY3JlYXRlIjoxODAwMDAwMDAwMDAwLCJkZWxldGUiOjE4MDAwMDAwMDAwMDAsInVwZGF0ZSI6MTgwMDAwMDAwMDAwMH19",
          "dependencies": [
            "data.openstack_images_image_v2.ubuntu",
            "openstack_blockstorage_volume_v3.public_boot",
            "openstack_compute_keypair_v2.keypair",
            "openstack_networking_network_v2.vpc",
            "openstack_networking_port_v2.public",
            "openstack_networking_secgroup_v2.public",
            "openstack_networking_subnet_v2.public"
          ]
        }
      ]
    },
    {
      "mode": "managed",
      "type": "openstack_compute_keypair_v2",
      "name": "keypair",
      "provider": "provider[\"registry.terraform.io/terraform-provider-openstack/openstack\"]",
      "instances": [
        {
          "schema_version": 0,
          "attributes": {
            "fingerprint": "b3:b8:34:9c:5f:e2:2b:af:55:aa:ff:a4:dc:f3:42:04",
            "id": "lesson14-key",
            "name": "lesson14-key",
            "private_key": "",
            "public_key": "ssh-rsa AAAAB3NzaC1yc2EAAAADAQABAAACAQDBbBF3wk/29vy6QR4/eNdnJHUHZBoOqrL7oeMaAexGIMSCSK9zmTMOFh/WVCdVbd9KzuAzMyjm2fe953eAKniC6TfrFu+RmQBkt8PZTrZArYtd91EAwhoCq7DR+sap6drYxN9Wr575gLpfBoM5oXjSd6BsSNYBf3PR8ajlPzkSnvXC09pNPcTx+tIfTlsxNpN8jYM+gRNJHJBZW4UbW2enc4dXX6FtsIePwPHWg7RApnMIMKmeKGUs2U7T/xFyL+9CPNaJVedPtpyiWxFdG4KmgjlruJQ9rS01qSyIcmTLg521vDGR6cSpKd5LjcUU+nzIGMXsDTYVZtG6DbzQek4D56dNtidMC/kDlbtn82tSaekdMzJ6D0V8+6gR2tLniTYYpcUbDpBKDc3YLof+TRp6viGoC1GyRj7b9fqkiwZt3/Mi9MhCb+EcJstMWDNK/YgrfgBsNvEKVYlpzUgH6PYFymesU4GpTu+VijFhmd/xYHuV1Ww8oTnE06TweWLpsuLK8WrBRrTkFmLtN2jts8yJHeCWs9Q3Lq2jOo7Pd5btBGAADaPSvCVi3xY5BrrRcS6jFcGJLKRUSeIg5teC0DwSlVh8mLOLwGy2KZ4Mj8fBY9OzPWQeP3sRU1ABvXxW8OcqdDdammgtgaMbf9S2QfOqNRscQIpWtSeLiloojDUO9Q== levdu@Lev\n",
            "region": "ru-9",
            "user_id": "",
            "value_specs": null
          },
          "sensitive_attributes": [
            [
              {
                "type": "get_attr",
                "value": "private_key"
              }
            ]
          ],
          "identity_schema_version": 0,
          "private": "bnVsbA=="
        }
      ]
    },
    {
      "mode": "managed",
      "type": "openstack_networking_floatingip_associate_v2",
      "name": "private",
      "provider": "provider[\"registry.terraform.io/terraform-provider-openstack/openstack\"]",
      "instances": [
        {
          "schema_version": 0,
          "attributes": {
            "fixed_ip": "192.168.20.223",
            "floating_ip": "87.228.9.66",
            "id": "65e2e58f-c9fa-4f77-8a3a-b42e453c8996",
            "port_id": "2249d91a-e87e-4df2-b1eb-c2f42ac15293",
            "region": "ru-9"
          },
          "sensitive_attributes": [],
          "identity_schema_version": 0,
          "private": "bnVsbA==",
          "dependencies": [
            "openstack_networking_floatingip_v2.private",
            "openstack_networking_network_v2.vpc",
            "openstack_networking_port_v2.private",
            "openstack_networking_secgroup_v2.private",
            "openstack_networking_subnet_v2.private"
          ]
        }
      ]
    },
    {
      "mode": "managed",
      "type": "openstack_networking_floatingip_associate_v2",
      "name": "public",
      "provider": "provider[\"registry.terraform.io/terraform-provider-openstack/openstack\"]",
      "instances": [
        {
          "schema_version": 0,
          "attributes": {
            "fixed_ip": "192.168.10.121",
            "floating_ip": "87.228.9.65",
            "id": "99471fa3-e829-47d9-b4a0-35cf3ebc2d27",
            "port_id": "f36ce79d-c212-4ba1-972c-a12200cd964f",
            "region": "ru-9"
          },
          "sensitive_attributes": [],
          "identity_schema_version": 0,
          "private": "bnVsbA==",
          "dependencies": [
            "openstack_networking_floatingip_v2.public",
            "openstack_networking_network_v2.vpc",
            "openstack_networking_port_v2.public",
            "openstack_networking_secgroup_v2.public",
            "openstack_networking_subnet_v2.public"
          ]
        }
      ]
    },
    {
      "mode": "managed",
      "type": "openstack_networking_floatingip_v2",
      "name": "private",
      "provider": "provider[\"registry.terraform.io/terraform-provider-openstack/openstack\"]",
      "instances": [
        {
          "schema_version": 0,
          "attributes": {
            "address": "87.228.9.66",
            "all_tags": [],
            "description": "",
            "dns_domain": "",
            "dns_name": "",
            "fixed_ip": "",
            "id": "65e2e58f-c9fa-4f77-8a3a-b42e453c8996",
            "pool": "external-network",
            "port_id": "",
            "region": "ru-9",
            "subnet_id": null,
            "subnet_ids": null,
            "tags": null,
            "tenant_id": "465a79df6c58490e86483df0c6132c8f",
            "timeouts": null,
            "value_specs": null
          },
          "sensitive_attributes": [],
          "identity_schema_version": 0,
          "private": "eyJlMmJmYjczMC1lY2FhLTExZTYtOGY4OC0zNDM2M2JjN2M0YzAiOnsiY3JlYXRlIjo2MDAwMDAwMDAwMDAsImRlbGV0ZSI6NjAwMDAwMDAwMDAwfX0="
        }
      ]
    },
    {
      "mode": "managed",
      "type": "openstack_networking_floatingip_v2",
      "name": "public",
      "provider": "provider[\"registry.terraform.io/terraform-provider-openstack/openstack\"]",
      "instances": [
        {
          "schema_version": 0,
          "attributes": {
            "address": "87.228.9.65",
            "all_tags": [],
            "description": "",
            "dns_domain": "",
            "dns_name": "",
            "fixed_ip": "",
            "id": "99471fa3-e829-47d9-b4a0-35cf3ebc2d27",
            "pool": "external-network",
            "port_id": "",
            "region": "ru-9",
            "subnet_id": null,
            "subnet_ids": null,
            "tags": null,
            "tenant_id": "465a79df6c58490e86483df0c6132c8f",
            "timeouts": null,
            "value_specs": null
          },
          "sensitive_attributes": [],
          "identity_schema_version": 0,
          "private": "eyJlMmJmYjczMC1lY2FhLTExZTYtOGY4OC0zNDM2M2JjN2M0YzAiOnsiY3JlYXRlIjo2MDAwMDAwMDAwMDAsImRlbGV0ZSI6NjAwMDAwMDAwMDAwfX0="
        }
      ]
    },
    {
      "mode": "managed",
      "type": "openstack_networking_network_v2",
      "name": "vpc",
      "provider": "provider[\"registry.terraform.io/terraform-provider-openstack/openstack\"]",
      "instances": [
        {
          "schema_version": 0,
          "attributes": {
            "admin_state_up": true,
            "all_tags": [],
            "availability_zone_hints": [],
            "description": "",
            "dns_domain": "",
            "external": false,
            "id": "71daccd3-1bee-4afd-b681-a77b7ab23113",
            "mtu": 1500,
            "name": "lesson14-network",
            "port_security_enabled": true,
            "qos_policy_id": "ca7a4923-52e8-4723-b00b-10cabcd4eedc",
            "region": "ru-9",
            "segments": [
              {
                "network_type": "vxlan",
                "physical_network": "",
                "segmentation_id": 19880
              }
            ],
            "shared": false,
            "tags": null,
            "tenant_id": "465a79df6c58490e86483df0c6132c8f",
            "timeouts": null,
            "transparent_vlan": false,
            "value_specs": null
          },
          "sensitive_attributes": [],
          "identity_schema_version": 0,
          "private": "eyJlMmJmYjczMC1lY2FhLTExZTYtOGY4OC0zNDM2M2JjN2M0YzAiOnsiY3JlYXRlIjo2MDAwMDAwMDAwMDAsImRlbGV0ZSI6NjAwMDAwMDAwMDAwfX0="
        }
      ]
    },
    {
      "mode": "managed",
      "type": "openstack_networking_port_v2",
      "name": "private",
      "provider": "provider[\"registry.terraform.io/terraform-provider-openstack/openstack\"]",
      "instances": [
        {
          "schema_version": 0,
          "attributes": {
            "admin_state_up": true,
            "all_fixed_ips": [
              "192.168.20.223"
            ],
            "all_security_group_ids": [
              "6cf6e13a-8802-48bc-b168-9a695ba63317"
            ],
            "all_tags": [],
            "allowed_address_pairs": [],
            "binding": [
              {
                "host_id": "",
                "profile": "",
                "vif_details": {},
                "vif_type": "",
                "vnic_type": "normal"
              }
            ],
            "description": "",
            "device_id": "",
            "device_owner": "",
            "dns_assignment": [
              {
                "fqdn": "host-192-168-20-223.local.",
                "hostname": "host-192-168-20-223",
                "ip_address": "192.168.20.223"
              }
            ],
            "dns_name": "",
            "extra_dhcp_option": [],
            "fixed_ip": [
              {
                "ip_address": "",
                "subnet_id": "6951023c-86e8-43c8-a6bc-a20201d1fdd7"
              }
            ],
            "id": "2249d91a-e87e-4df2-b1eb-c2f42ac15293",
            "mac_address": "fa:16:3e:34:f5:55",
            "name": "private-instance-port",
            "network_id": "71daccd3-1bee-4afd-b681-a77b7ab23113",
            "no_fixed_ip": null,
            "no_security_groups": null,
            "port_security_enabled": true,
            "qos_policy_id": "",
            "region": "ru-9",
            "security_group_ids": [
              "6cf6e13a-8802-48bc-b168-9a695ba63317"
            ],
            "tags": null,
            "tenant_id": "465a79df6c58490e86483df0c6132c8f",
            "timeouts": null,
            "value_specs": null
          },
          "sensitive_attributes": [],
          "identity_schema_version": 0,
          "private": "eyJlMmJmYjczMC1lY2FhLTExZTYtOGY4OC0zNDM2M2JjN2M0YzAiOnsiY3JlYXRlIjo2MDAwMDAwMDAwMDAsImRlbGV0ZSI6NjAwMDAwMDAwMDAwfX0=",
          "dependencies": [
            "openstack_networking_network_v2.vpc",
            "openstack_networking_secgroup_v2.private",
            "openstack_networking_subnet_v2.private"
          ]
        }
      ]
    },
    {
      "mode": "managed",
      "type": "openstack_networking_port_v2",
      "name": "public",
      "provider": "provider[\"registry.terraform.io/terraform-provider-openstack/openstack\"]",
      "instances": [
        {
          "schema_version": 0,
          "attributes": {
            "admin_state_up": true,
            "all_fixed_ips": [
              "192.168.10.121"
            ],
            "all_security_group_ids": [
              "5b671f73-9839-4906-899b-cae37cf6092a"
            ],
            "all_tags": [],
            "allowed_address_pairs": [],
            "binding": [
              {
                "host_id": "",
                "profile": "",
                "vif_details": {},
                "vif_type": "",
                "vnic_type": "normal"
              }
            ],
            "description": "",
            "device_id": "",
            "device_owner": "",
            "dns_assignment": [
              {
                "fqdn": "host-192-168-10-121.local.",
                "hostname": "host-192-168-10-121",
                "ip_address": "192.168.10.121"
              }
            ],
            "dns_name": "",
            "extra_dhcp_option": [],
            "fixed_ip": [
              {
                "ip_address": "",
                "subnet_id": "46e371af-9642-4e16-9cc6-feb827637031"
              }
            ],
            "id": "f36ce79d-c212-4ba1-972c-a12200cd964f",
            "mac_address": "fa:16:3e:7a:8f:37",
            "name": "public-instance-port",
            "network_id": "71daccd3-1bee-4afd-b681-a77b7ab23113",
            "no_fixed_ip": null,
            "no_security_groups": null,
            "port_security_enabled": true,
            "qos_policy_id": "",
            "region": "ru-9",
            "security_group_ids": [
              "5b671f73-9839-4906-899b-cae37cf6092a"
            ],
            "tags": null,
            "tenant_id": "465a79df6c58490e86483df0c6132c8f",
            "timeouts": null,
            "value_specs": null
          },
          "sensitive_attributes": [],
          "identity_schema_version": 0,
          "private": "eyJlMmJmYjczMC1lY2FhLTExZTYtOGY4OC0zNDM2M2JjN2M0YzAiOnsiY3JlYXRlIjo2MDAwMDAwMDAwMDAsImRlbGV0ZSI6NjAwMDAwMDAwMDAwfX0=",
          "dependencies": [
            "openstack_networking_network_v2.vpc",
            "openstack_networking_secgroup_v2.public",
            "openstack_networking_subnet_v2.public"
          ]
        }
      ]
    },
    {
      "mode": "managed",
      "type": "openstack_networking_router_interface_v2",
      "name": "private",
      "provider": "provider[\"registry.terraform.io/terraform-provider-openstack/openstack\"]",
      "instances": [
        {
          "schema_version": 0,
          "attributes": {
            "force_destroy": false,
            "id": "ddf26e01-53b2-46a6-9e77-7c7dc5cf1d88",
            "port_id": "ddf26e01-53b2-46a6-9e77-7c7dc5cf1d88",
            "region": "ru-9",
            "router_id": "50d5438d-1d53-480b-8179-2fb41f643547",
            "subnet_id": "6951023c-86e8-43c8-a6bc-a20201d1fdd7",
            "timeouts": null
          },
          "sensitive_attributes": [],
          "identity_schema_version": 0,
          "private": "eyJlMmJmYjczMC1lY2FhLTExZTYtOGY4OC0zNDM2M2JjN2M0YzAiOnsiY3JlYXRlIjo2MDAwMDAwMDAwMDAsImRlbGV0ZSI6NjAwMDAwMDAwMDAwfX0=",
          "dependencies": [
            "data.openstack_networking_network_v2.external",
            "openstack_networking_network_v2.vpc",
            "openstack_networking_router_v2.router",
            "openstack_networking_subnet_v2.private"
          ]
        }
      ]
    },
    {
      "mode": "managed",
      "type": "openstack_networking_router_interface_v2",
      "name": "public",
      "provider": "provider[\"registry.terraform.io/terraform-provider-openstack/openstack\"]",
      "instances": [
        {
          "schema_version": 0,
          "attributes": {
            "force_destroy": false,
            "id": "52bf8df6-0933-4040-86cb-39b55dd2810a",
            "port_id": "52bf8df6-0933-4040-86cb-39b55dd2810a",
            "region": "ru-9",
            "router_id": "50d5438d-1d53-480b-8179-2fb41f643547",
            "subnet_id": "46e371af-9642-4e16-9cc6-feb827637031",
            "timeouts": null
          },
          "sensitive_attributes": [],
          "identity_schema_version": 0,
          "private": "eyJlMmJmYjczMC1lY2FhLTExZTYtOGY4OC0zNDM2M2JjN2M0YzAiOnsiY3JlYXRlIjo2MDAwMDAwMDAwMDAsImRlbGV0ZSI6NjAwMDAwMDAwMDAwfX0=",
          "dependencies": [
            "data.openstack_networking_network_v2.external",
            "openstack_networking_network_v2.vpc",
            "openstack_networking_router_v2.router",
            "openstack_networking_subnet_v2.public"
          ]
        }
      ]
    },
    {
      "mode": "managed",
      "type": "openstack_networking_router_v2",
      "name": "router",
      "provider": "provider[\"registry.terraform.io/terraform-provider-openstack/openstack\"]",
      "instances": [
        {
          "schema_version": 0,
          "attributes": {
            "admin_state_up": true,
            "all_tags": [],
            "availability_zone_hints": [],
            "description": "",
            "distributed": false,
            "enable_snat": true,
            "external_fixed_ip": [
              {
                "ip_address": "87.228.9.215",
                "subnet_id": "8f70ba0e-1734-44b7-ba83-12fdf43c2ed1"
              }
            ],
            "external_network_id": "f16140a4-e736-4655-9a1b-d7d2df6f969e",
            "external_subnet_ids": null,
            "id": "50d5438d-1d53-480b-8179-2fb41f643547",
            "name": "lesson14-router",
            "region": "ru-9",
            "tags": null,
            "tenant_id": "465a79df6c58490e86483df0c6132c8f",
            "timeouts": null,
            "value_specs": null,
            "vendor_options": []
          },
          "sensitive_attributes": [],
          "identity_schema_version": 0,
          "private": "eyJlMmJmYjczMC1lY2FhLTExZTYtOGY4OC0zNDM2M2JjN2M0YzAiOnsiY3JlYXRlIjo2MDAwMDAwMDAwMDAsImRlbGV0ZSI6NjAwMDAwMDAwMDAwfX0=",
          "dependencies": [
            "data.openstack_networking_network_v2.external"
          ]
        }
      ]
    },
    {
      "mode": "managed",
      "type": "openstack_networking_secgroup_rule_v2",
      "name": "private_8080",
      "provider": "provider[\"registry.terraform.io/terraform-provider-openstack/openstack\"]",
      "instances": [
        {
          "schema_version": 0,
          "attributes": {
            "description": "",
            "direction": "ingress",
            "ethertype": "IPv4",
            "id": "387c8239-242c-441c-816d-9ebcf5b9540f",
            "port_range_max": 8080,
            "port_range_min": 8080,
            "protocol": "tcp",
            "region": "ru-9",
            "remote_group_id": "",
            "remote_ip_prefix": "0.0.0.0/0",
            "security_group_id": "6cf6e13a-8802-48bc-b168-9a695ba63317",
            "tenant_id": "465a79df6c58490e86483df0c6132c8f",
            "timeouts": null
          },
          "sensitive_attributes": [],
          "identity_schema_version": 0,
          "private": "eyJlMmJmYjczMC1lY2FhLTExZTYtOGY4OC0zNDM2M2JjN2M0YzAiOnsiZGVsZXRlIjo2MDAwMDAwMDAwMDB9fQ==",
          "dependencies": [
            "openstack_networking_secgroup_v2.private"
          ]
        }
      ]
    },
    {
      "mode": "managed",
      "type": "openstack_networking_secgroup_rule_v2",
      "name": "private_ssh",
      "provider": "provider[\"registry.terraform.io/terraform-provider-openstack/openstack\"]",
      "instances": [
        {
          "schema_version": 0,
          "attributes": {
            "description": "",
            "direction": "ingress",
            "ethertype": "IPv4",
            "id": "27708753-bb19-40c2-a42e-1978f80a87a8",
            "port_range_max": 22,
            "port_range_min": 22,
            "protocol": "tcp",
            "region": "ru-9",
            "remote_group_id": "",
            "remote_ip_prefix": "0.0.0.0/0",
            "security_group_id": "6cf6e13a-8802-48bc-b168-9a695ba63317",
            "tenant_id": "465a79df6c58490e86483df0c6132c8f",
            "timeouts": null
          },
          "sensitive_attributes": [],
          "identity_schema_version": 0,
          "private": "eyJlMmJmYjczMC1lY2FhLTExZTYtOGY4OC0zNDM2M2JjN2M0YzAiOnsiZGVsZXRlIjo2MDAwMDAwMDAwMDB9fQ==",
          "dependencies": [
            "openstack_networking_secgroup_v2.private"
          ]
        }
      ]
    },
    {
      "mode": "managed",
      "type": "openstack_networking_secgroup_rule_v2",
      "name": "public_http",
      "provider": "provider[\"registry.terraform.io/terraform-provider-openstack/openstack\"]",
      "instances": [
        {
          "schema_version": 0,
          "attributes": {
            "description": "",
            "direction": "ingress",
            "ethertype": "IPv4",
            "id": "ebf0a662-dea0-4f6a-b75e-a6fc1e15b718",
            "port_range_max": 80,
            "port_range_min": 80,
            "protocol": "tcp",
            "region": "ru-9",
            "remote_group_id": "",
            "remote_ip_prefix": "0.0.0.0/0",
            "security_group_id": "5b671f73-9839-4906-899b-cae37cf6092a",
            "tenant_id": "465a79df6c58490e86483df0c6132c8f",
            "timeouts": null
          },
          "sensitive_attributes": [],
          "identity_schema_version": 0,
          "private": "eyJlMmJmYjczMC1lY2FhLTExZTYtOGY4OC0zNDM2M2JjN2M0YzAiOnsiZGVsZXRlIjo2MDAwMDAwMDAwMDB9fQ==",
          "dependencies": [
            "openstack_networking_secgroup_v2.public"
          ]
        }
      ]
    },
    {
      "mode": "managed",
      "type": "openstack_networking_secgroup_rule_v2",
      "name": "public_https",
      "provider": "provider[\"registry.terraform.io/terraform-provider-openstack/openstack\"]",
      "instances": [
        {
          "schema_version": 0,
          "attributes": {
            "description": "",
            "direction": "ingress",
            "ethertype": "IPv4",
            "id": "423360bc-8c48-46d4-862b-648aad86db0b",
            "port_range_max": 443,
            "port_range_min": 443,
            "protocol": "tcp",
            "region": "ru-9",
            "remote_group_id": "",
            "remote_ip_prefix": "0.0.0.0/0",
            "security_group_id": "5b671f73-9839-4906-899b-cae37cf6092a",
            "tenant_id": "465a79df6c58490e86483df0c6132c8f",
            "timeouts": null
          },
          "sensitive_attributes": [],
          "identity_schema_version": 0,
          "private": "eyJlMmJmYjczMC1lY2FhLTExZTYtOGY4OC0zNDM2M2JjN2M0YzAiOnsiZGVsZXRlIjo2MDAwMDAwMDAwMDB9fQ==",
          "dependencies": [
            "openstack_networking_secgroup_v2.public"
          ]
        }
      ]
    },
    {
      "mode": "managed",
      "type": "openstack_networking_secgroup_rule_v2",
      "name": "public_ssh",
      "provider": "provider[\"registry.terraform.io/terraform-provider-openstack/openstack\"]",
      "instances": [
        {
          "schema_version": 0,
          "attributes": {
            "description": "",
            "direction": "ingress",
            "ethertype": "IPv4",
            "id": "f260dca1-abb3-46e3-b0d2-0516fcf4fddf",
            "port_range_max": 22,
            "port_range_min": 22,
            "protocol": "tcp",
            "region": "ru-9",
            "remote_group_id": "",
            "remote_ip_prefix": "0.0.0.0/0",
            "security_group_id": "5b671f73-9839-4906-899b-cae37cf6092a",
            "tenant_id": "465a79df6c58490e86483df0c6132c8f",
            "timeouts": null
          },
          "sensitive_attributes": [],
          "identity_schema_version": 0,
          "private": "eyJlMmJmYjczMC1lY2FhLTExZTYtOGY4OC0zNDM2M2JjN2M0YzAiOnsiZGVsZXRlIjo2MDAwMDAwMDAwMDB9fQ==",
          "dependencies": [
            "openstack_networking_secgroup_v2.public"
          ]
        }
      ]
    },
    {
      "mode": "managed",
      "type": "openstack_networking_secgroup_v2",
      "name": "private",
      "provider": "provider[\"registry.terraform.io/terraform-provider-openstack/openstack\"]",
      "instances": [
        {
          "schema_version": 0,
          "attributes": {
            "all_tags": [],
            "delete_default_rules": null,
            "description": "Allow SSH, port 8080",
            "id": "6cf6e13a-8802-48bc-b168-9a695ba63317",
            "name": "private-sg",
            "region": "ru-9",
            "stateful": true,
            "tags": null,
            "tenant_id": "465a79df6c58490e86483df0c6132c8f",
            "timeouts": null
          },
          "sensitive_attributes": [],
          "identity_schema_version": 0,
          "private": "eyJlMmJmYjczMC1lY2FhLTExZTYtOGY4OC0zNDM2M2JjN2M0YzAiOnsiZGVsZXRlIjo2MDAwMDAwMDAwMDB9fQ=="
        }
      ]
    },
    {
      "mode": "managed",
      "type": "openstack_networking_secgroup_v2",
      "name": "public",
      "provider": "provider[\"registry.terraform.io/terraform-provider-openstack/openstack\"]",
      "instances": [
        {
          "schema_version": 0,
          "attributes": {
            "all_tags": [],
            "delete_default_rules": null,
            "description": "Allow SSH, HTTP, HTTPS",
            "id": "5b671f73-9839-4906-899b-cae37cf6092a",
            "name": "public-sg",
            "region": "ru-9",
            "stateful": true,
            "tags": null,
            "tenant_id": "465a79df6c58490e86483df0c6132c8f",
            "timeouts": null
          },
          "sensitive_attributes": [],
          "identity_schema_version": 0,
          "private": "eyJlMmJmYjczMC1lY2FhLTExZTYtOGY4OC0zNDM2M2JjN2M0YzAiOnsiZGVsZXRlIjo2MDAwMDAwMDAwMDB9fQ=="
        }
      ]
    },
    {
      "mode": "managed",
      "type": "openstack_networking_subnet_v2",
      "name": "private",
      "provider": "provider[\"registry.terraform.io/terraform-provider-openstack/openstack\"]",
      "instances": [
        {
          "schema_version": 0,
          "attributes": {
            "all_tags": [],
            "allocation_pool": [
              {
                "end": "192.168.20.254",
                "start": "192.168.20.2"
              }
            ],
            "cidr": "192.168.20.0/24",
            "description": "",
            "dns_nameservers": [
              "8.8.8.8",
              "77.88.8.8"
            ],
            "dns_publish_fixed_ip": false,
            "enable_dhcp": true,
            "gateway_ip": "192.168.20.1",
            "id": "6951023c-86e8-43c8-a6bc-a20201d1fdd7",
            "ip_version": 4,
            "ipv6_address_mode": "",
            "ipv6_ra_mode": "",
            "name": "private-subnet",
            "network_id": "71daccd3-1bee-4afd-b681-a77b7ab23113",
            "no_gateway": false,
            "prefix_length": null,
            "region": "ru-9",
            "service_types": [],
            "subnetpool_id": "",
            "tags": null,
            "tenant_id": "465a79df6c58490e86483df0c6132c8f",
            "timeouts": null,
            "value_specs": null
          },
          "sensitive_attributes": [],
          "identity_schema_version": 0,
          "private": "eyJlMmJmYjczMC1lY2FhLTExZTYtOGY4OC0zNDM2M2JjN2M0YzAiOnsiY3JlYXRlIjo2MDAwMDAwMDAwMDAsImRlbGV0ZSI6NjAwMDAwMDAwMDAwfX0=",
          "dependencies": [
            "openstack_networking_network_v2.vpc"
          ]
        }
      ]
    },
    {
      "mode": "managed",
      "type": "openstack_networking_subnet_v2",
      "name": "public",
      "provider": "provider[\"registry.terraform.io/terraform-provider-openstack/openstack\"]",
      "instances": [
        {
          "schema_version": 0,
          "attributes": {
            "all_tags": [],
            "allocation_pool": [
              {
                "end": "192.168.10.254",
                "start": "192.168.10.2"
              }
            ],
            "cidr": "192.168.10.0/24",
            "description": "",
            "dns_nameservers": [
              "8.8.8.8",
              "77.88.8.8"
            ],
            "dns_publish_fixed_ip": false,
            "enable_dhcp": true,
            "gateway_ip": "192.168.10.1",
            "id": "46e371af-9642-4e16-9cc6-feb827637031",
            "ip_version": 4,
            "ipv6_address_mode": "",
            "ipv6_ra_mode": "",
            "name": "public-subnet",
            "network_id": "71daccd3-1bee-4afd-b681-a77b7ab23113",
            "no_gateway": false,
            "prefix_length": null,
            "region": "ru-9",
            "service_types": [],
            "subnetpool_id": "",
            "tags": null,
            "tenant_id": "465a79df6c58490e86483df0c6132c8f",
            "timeouts": null,
            "value_specs": null
          },
          "sensitive_attributes": [],
          "identity_schema_version": 0,
          "private": "eyJlMmJmYjczMC1lY2FhLTExZTYtOGY4OC0zNDM2M2JjN2M0YzAiOnsiY3JlYXRlIjo2MDAwMDAwMDAwMDAsImRlbGV0ZSI6NjAwMDAwMDAwMDAwfX0=",
          "dependencies": [
            "openstack_networking_network_v2.vpc"
          ]
        }
      ]
    }
  ],
  "check_results": null
}
