{
  "version": 4,
  "terraform_version": "1.14.4",
  "serial": 1,
  "lineage": "4698205c-014e-56d7-60aa-410b20293f2b",
  "outputs": {},
  "resources": [
    {
      "mode": "managed",
      "type": "openstack_compute_instance_v2",
      "name": "manual",
      "provider": "provider[\"registry.terraform.io/terraform-provider-openstack/openstack\"]",
      "instances": [
        {
          "schema_version": 0,
          "attributes": {
            "access_ip_v4": "192.168.10.4",
            "access_ip_v6": "",
            "admin_pass": null,
            "all_metadata": {
              "x_sel_server_default_addr": "{\"ipv4\":\"192.168.10.4\"}",
              "x_sel_server_network_autoconfig": "false",
              "x_sel_server_password_hash": "$6$8t//EUSA$YSFx3rdLS65pMPQj64BEP/kenjwz7cW/7a1tyHOBwj2.31.Bd2i2cPwKEO5Bc7ZSPNtZw90ZCSMbBoxLkznTk0"
            },
            "all_tags": [
              "Standard Line",
              "Ubuntu 24.04 LTS 64-bit"
            ],
            "availability_zone": "ru-9a",
            "availability_zone_hints": null,
            "block_device": [
              {
                "boot_index": 0,
                "delete_on_termination": true,
                "destination_type": "volume",
                "device_type": "",
                "disk_bus": "",
                "guest_format": "",
                "multiattach": false,
                "source_type": "image",
                "uuid": "e46c9161-8e3c-4bdc-ae0c-383a12fc8c50",
                "volume_size": 10,
                "volume_type": ""
              }
            ],
            "config_drive": null,
            "created": "2026-02-15 06:37:41 +0000 UTC",
            "flavor_id": "2eb0553a-9777-4958-9ccd-d93abcde964a",
            "flavor_name": "1771137451104-1528336522-1-1024",
            "force_delete": null,
            "id": "ce5081fc-2a78-4495-b7f2-ba20c124a17b",
            "image_id": "Attempt to boot from volume - no image supplied",
            "image_name": "Ubuntu 24.04 LTS 64-bit",
            "key_pair": "lesson14",
            "metadata": {
              "x_sel_server_default_addr": "{\"ipv4\":\"192.168.10.4\"}",
              "x_sel_server_network_autoconfig": "false",
              "x_sel_server_password_hash": "$6$8t//EUSA$YSFx3rdLS65pMPQj64BEP/kenjwz7cW/7a1tyHOBwj2.31.Bd2i2cPwKEO5Bc7ZSPNtZw90ZCSMbBoxLkznTk0"
            },
            "name": "pqs",
            "network": [
              {
                "access_network": false,
                "fixed_ip_v4": "192.168.10.4",
                "fixed_ip_v6": "",
                "mac": "fa:16:3e:ca:da:a4",
                "name": "lesson14-network",
                "port": "",
                "uuid": "71daccd3-1bee-4afd-b681-a77b7ab23113"
              }
            ],
            "network_mode": null,
            "personality": [],
            "power_state": "active",
            "region": "ru-9",
            "scheduler_hints": [],
            "security_groups": [],
            "stop_before_destroy": null,
            "tags": [],
            "timeouts": null,
            "updated": "2026-02-15 06:38:00 +0000 UTC",
            "user_data": null,
            "vendor_options": []
          },
          "sensitive_attributes": [
            [
              {
                "type": "get_attr",
                "value": "admin_pass"
              }
            ]
          ],
          "identity_schema_version": 0,
          "private": "eyJlMmJmYjczMC1lY2FhLTExZTYtOGY4OC0zNDM2M2JjN2M0YzAiOnsiY3JlYXRlIjoxODAwMDAwMDAwMDAwLCJkZWxldGUiOjE4MDAwMDAwMDAwMDAsInVwZGF0ZSI6MTgwMDAwMDAwMDAwMH0sInNjaGVtYV92ZXJzaW9uIjoiMCJ9"
        }
      ]
    }
  ],
  "check_results": null
}
